
Microsoft Visual Studio Solution File, Format Version 12.00
# Visual Studio Version 17
VisualStudioVersion = 17.5.33627.172
MinimumVisualStudioVersion = 10.0.40219.1
Project("{FAE04EC0-301F-11D3-BF4B-00C04F79EFBC}") = "htmler", "htmler\htmler.csproj", "{50676E25-8EAD-430F-A54D-27EBBCDDC07E}"
EndProject
Project("{2150E333-8FDC-42A3-9474-1A3956D46DE8}") = "Solution Items", "Solution Items", "{880B8235-5D27-4D03-9F00-FD5F431E6150}"
	ProjectSection(SolutionItems) = preProject
		bookering.html = bookering.html
		NormalBook.html = NormalBook.html
		StudentBook.html = StudentBook.html
	EndProjectSection
EndProject
Global
	GlobalSection(SolutionConfigurationPlatforms) = preSolution
		Debug|Any CPU = Debug|Any CPU
		Release|Any CPU = Release|Any CPU
	EndGlobalSection
	GlobalSection(ProjectConfigurationPlatforms) = postSolution
		{50676E25-8EAD-430F-A54D-27EBBCDDC07E}.Debug|Any CPU.ActiveCfg = Debug|Any CPU
		{50676E25-8EAD-430F-A54D-27EBBCDDC07E}.Debug|Any CPU.Build.0 = Debug|Any CPU
		{50676E25-8EAD-430F-A54D-27EBBCDDC07E}.Release|Any CPU.ActiveCfg = Release|Any CPU
		{50676E25-8EAD-430F-A54D-27EBBCDDC07E}.Release|Any CPU.Build.0 = Release|Any CPU
	EndGlobalSection
	GlobalSection(SolutionProperties) = preSolution
		HideSolutionNode = FALSE
	EndGlobalSection
	GlobalSection(ExtensibilityGlobals) = postSolution
		SolutionGuid = {6DC14450-F93B-400B-B9C5-35CEC55BB2A1}
	EndGlobalSection
EndGlobal
